// !$*UTF8*$!
{
	archiveVersion = 1;
	classes = {
	};
	objectVersion = 55;
	objects = {

/* Begin PBXBuildFile section */
		755C6920286C6F1400DDAB19 /* Error.swift in Sources */ = {isa = PBXBuildFile; fileRef = 755C691F286C6F1400DDAB19 /* Error.swift */; };
		75632D26286986B0005D877B /* TestData.json in Resources */ = {isa = PBXBuildFile; fileRef = 75632D25286986B0005D877B /* TestData.json */; };
		75632D2C28699FE3005D877B /* MessagePage.swift in Sources */ = {isa = PBXBuildFile; fileRef = 75632D2B28699FE3005D877B /* MessagePage.swift */; };
		75632D2F2869ADA6005D877B /* MessageRow.swift in Sources */ = {isa = PBXBuildFile; fileRef = 75632D2E2869ADA6005D877B /* MessageRow.swift */; };
		75632D322869AF5A005D877B /* Avator.swift in Sources */ = {isa = PBXBuildFile; fileRef = 75632D312869AF5A005D877B /* Avator.swift */; };
		75632D342869B3CF005D877B /* MessageViewModel.swift in Sources */ = {isa = PBXBuildFile; fileRef = 75632D332869B3CF005D877B /* MessageViewModel.swift */; };
		75A5D81F2867CB02001BC141 /* HomeViewModel.swift in Sources */ = {isa = PBXBuildFile; fileRef = 75A5D81E2867CB02001BC141 /* HomeViewModel.swift */; };
		75A5D8222867D30A001BC141 /* ChatPage.swift in Sources */ = {isa = PBXBuildFile; fileRef = 75A5D8212867D30A001BC141 /* ChatPage.swift */; };
		75A5D82F28681B5B001BC141 /* ChatRow.swift in Sources */ = {isa = PBXBuildFile; fileRef = 75A5D82E28681B5B001BC141 /* ChatRow.swift */; };
		75A5D83228681BA8001BC141 /* ChatModel.swift in Sources */ = {isa = PBXBuildFile; fileRef = 75A5D83128681BA8001BC141 /* ChatModel.swift */; };
		75A5D83428681C03001BC141 /* UserModel.swift in Sources */ = {isa = PBXBuildFile; fileRef = 75A5D83328681C03001BC141 /* UserModel.swift */; };
		75A5D83728681E30001BC141 /* DateUtil.swift in Sources */ = {isa = PBXBuildFile; fileRef = 75A5D83628681E30001BC141 /* DateUtil.swift */; };
		75A5D83A28683584001BC141 /* Kingfisher in Frameworks */ = {isa = PBXBuildFile; productRef = 75A5D83928683584001BC141 /* Kingfisher */; };
		75CF54A4286FBFE400B4A498 /* ErrorHandling.swift in Sources */ = {isa = PBXBuildFile; fileRef = 75CF54A3286FBFE400B4A498 /* ErrorHandling.swift */; };
		75CF54A72870171000B4A498 /* AsyncHTTPClient in Frameworks */ = {isa = PBXBuildFile; productRef = 75CF54A62870171000B4A498 /* AsyncHTTPClient */; };
		75CFC1172866CFE40025AE12 /* WeChatApp.swift in Sources */ = {isa = PBXBuildFile; fileRef = 75CFC1162866CFE40025AE12 /* WeChatApp.swift */; };
		75CFC1192866CFE40025AE12 /* ContentView.swift in Sources */ = {isa = PBXBuildFile; fileRef = 75CFC1182866CFE40025AE12 /* ContentView.swift */; };
		75CFC11B2866CFE60025AE12 /* Assets.xcassets in Resources */ = {isa = PBXBuildFile; fileRef = 75CFC11A2866CFE60025AE12 /* Assets.xcassets */; };
		75CFC11E2866CFE60025AE12 /* Preview Assets.xcassets in Resources */ = {isa = PBXBuildFile; fileRef = 75CFC11D2866CFE60025AE12 /* Preview Assets.xcassets */; };
		75CFC1272866D39E0025AE12 /* LoginPage.swift in Sources */ = {isa = PBXBuildFile; fileRef = 75CFC1262866D39E0025AE12 /* LoginPage.swift */; };
		75CFC12C2866D6F40025AE12 /* LoginViewModel.swift in Sources */ = {isa = PBXBuildFile; fileRef = 75CFC12B2866D6F40025AE12 /* LoginViewModel.swift */; };
		75CFC12E2866D7A80025AE12 /* Extensions.swift in Sources */ = {isa = PBXBuildFile; fileRef = 75CFC12D2866D7A80025AE12 /* Extensions.swift */; };
		75CFC1302866D8D70025AE12 /* Style.swift in Sources */ = {isa = PBXBuildFile; fileRef = 75CFC12F2866D8D70025AE12 /* Style.swift */; };
		75CFC1332866E15F0025AE12 /* GlobalViewModel.swift in Sources */ = {isa = PBXBuildFile; fileRef = 75CFC1322866E15F0025AE12 /* GlobalViewModel.swift */; };
		75CFC1362866E21E0025AE12 /* HomePage.swift in Sources */ = {isa = PBXBuildFile; fileRef = 75CFC1352866E21E0025AE12 /* HomePage.swift */; };
		75E7D126286DB600008207A3 /* NIO in Frameworks */ = {isa = PBXBuildFile; productRef = 75E7D125286DB600008207A3 /* NIO */; };
		75E7D128286DB600008207A3 /* NIOConcurrencyHelpers in Frameworks */ = {isa = PBXBuildFile; productRef = 75E7D127286DB600008207A3 /* NIOConcurrencyHelpers */; };
		75E7D12A286DB600008207A3 /* NIOCore in Frameworks */ = {isa = PBXBuildFile; productRef = 75E7D129286DB600008207A3 /* NIOCore */; };
		75E7D12C286DB600008207A3 /* NIOEmbedded in Frameworks */ = {isa = PBXBuildFile; productRef = 75E7D12B286DB600008207A3 /* NIOEmbedded */; };
		75E7D12E286DB600008207A3 /* NIOFoundationCompat in Frameworks */ = {isa = PBXBuildFile; productRef = 75E7D12D286DB600008207A3 /* NIOFoundationCompat */; };
		75E7D130286DB600008207A3 /* NIOHTTP1 in Frameworks */ = {isa = PBXBuildFile; productRef = 75E7D12F286DB600008207A3 /* NIOHTTP1 */; };
		75E7D132286DB600008207A3 /* NIOPosix in Frameworks */ = {isa = PBXBuildFile; productRef = 75E7D131286DB600008207A3 /* NIOPosix */; };
		75E7D134286DB600008207A3 /* NIOTLS in Frameworks */ = {isa = PBXBuildFile; productRef = 75E7D133286DB600008207A3 /* NIOTLS */; };
		75E7D136286DB600008207A3 /* NIOTestUtils in Frameworks */ = {isa = PBXBuildFile; productRef = 75E7D135286DB600008207A3 /* NIOTestUtils */; };
		75E7D138286DB600008207A3 /* NIOWebSocket in Frameworks */ = {isa = PBXBuildFile; productRef = 75E7D137286DB600008207A3 /* NIOWebSocket */; };
		75E7D13A286DB600008207A3 /* _NIOConcurrency in Frameworks */ = {isa = PBXBuildFile; productRef = 75E7D139286DB600008207A3 /* _NIOConcurrency */; };
		75E7D13F286DC7BD008207A3 /* AnyCodable in Frameworks */ = {isa = PBXBuildFile; productRef = 75E7D13E286DC7BD008207A3 /* AnyCodable */; };
/* End PBXBuildFile section */

/* Begin PBXFileReference section */
		755C691F286C6F1400DDAB19 /* Error.swift */ = {isa = PBXFileReference; lastKnownFileType = sourcecode.swift; path = Error.swift; sourceTree = "<group>"; };
		75632D25286986B0005D877B /* TestData.json */ = {isa = PBXFileReference; lastKnownFileType = text.json; path = TestData.json; sourceTree = "<group>"; };
		75632D2B28699FE3005D877B /* MessagePage.swift */ = {isa = PBXFileReference; lastKnownFileType = sourcecode.swift; path = MessagePage.swift; sourceTree = "<group>"; };
		75632D2E2869ADA6005D877B /* MessageRow.swift */ = {isa = PBXFileReference; lastKnownFileType = sourcecode.swift; path = MessageRow.swift; sourceTree = "<group>"; };
		75632D312869AF5A005D877B /* Avator.swift */ = {isa = PBXFileReference; lastKnownFileType = sourcecode.swift; path = Avator.swift; sourceTree = "<group>"; };
		75632D332869B3CF005D877B /* MessageViewModel.swift */ = {isa = PBXFileReference; lastKnownFileType = sourcecode.swift; path = MessageViewModel.swift; sourceTree = "<group>"; };
		75A5D81E2867CB02001BC141 /* HomeViewModel.swift */ = {isa = PBXFileReference; lastKnownFileType = sourcecode.swift; path = HomeViewModel.swift; sourceTree = "<group>"; };
		75A5D8212867D30A001BC141 /* ChatPage.swift */ = {isa = PBXFileReference; lastKnownFileType = sourcecode.swift; path = ChatPage.swift; sourceTree = "<group>"; };
		75A5D82E28681B5B001BC141 /* ChatRow.swift */ = {isa = PBXFileReference; lastKnownFileType = sourcecode.swift; path = ChatRow.swift; sourceTree = "<group>"; };
		75A5D83128681BA8001BC141 /* ChatModel.swift */ = {isa = PBXFileReference; lastKnownFileType = sourcecode.swift; path = ChatModel.swift; sourceTree = "<group>"; };
		75A5D83328681C03001BC141 /* UserModel.swift */ = {isa = PBXFileReference; lastKnownFileType = sourcecode.swift; path = UserModel.swift; sourceTree = "<group>"; };
		75A5D83628681E30001BC141 /* DateUtil.swift */ = {isa = PBXFileReference; lastKnownFileType = sourcecode.swift; path = DateUtil.swift; sourceTree = "<group>"; };
		75CF54A3286FBFE400B4A498 /* ErrorHandling.swift */ = {isa = PBXFileReference; lastKnownFileType = sourcecode.swift; path = ErrorHandling.swift; sourceTree = "<group>"; };
		75CFC1132866CFE40025AE12 /* WeChat.app */ = {isa = PBXFileReference; explicitFileType = wrapper.application; includeInIndex = 0; path = WeChat.app; sourceTree = BUILT_PRODUCTS_DIR; };
		75CFC1162866CFE40025AE12 /* WeChatApp.swift */ = {isa = PBXFileReference; lastKnownFileType = sourcecode.swift; path = WeChatApp.swift; sourceTree = "<group>"; };
		75CFC1182866CFE40025AE12 /* ContentView.swift */ = {isa = PBXFileReference; lastKnownFileType = sourcecode.swift; path = ContentView.swift; sourceTree = "<group>"; };
		75CFC11A2866CFE60025AE12 /* Assets.xcassets */ = {isa = PBXFileReference; lastKnownFileType = folder.assetcatalog; path = Assets.xcassets; sourceTree = "<group>"; };
		75CFC11D2866CFE60025AE12 /* Preview Assets.xcassets */ = {isa = PBXFileReference; lastKnownFileType = folder.assetcatalog; path = "Preview Assets.xcassets"; sourceTree = "<group>"; };
		75CFC1262866D39E0025AE12 /* LoginPage.swift */ = {isa = PBXFileReference; lastKnownFileType = sourcecode.swift; path = LoginPage.swift; sourceTree = "<group>"; };
		75CFC12B2866D6F40025AE12 /* LoginViewModel.swift */ = {isa = PBXFileReference; lastKnownFileType = sourcecode.swift; path = LoginViewModel.swift; sourceTree = "<group>"; };
		75CFC12D2866D7A80025AE12 /* Extensions.swift */ = {isa = PBXFileReference; lastKnownFileType = sourcecode.swift; path = Extensions.swift; sourceTree = "<group>"; };
		75CFC12F2866D8D70025AE12 /* Style.swift */ = {isa = PBXFileReference; lastKnownFileType = sourcecode.swift; path = Style.swift; sourceTree = "<group>"; };
		75CFC1322866E15F0025AE12 /* GlobalViewModel.swift */ = {isa = PBXFileReference; lastKnownFileType = sourcecode.swift; path = GlobalViewModel.swift; sourceTree = "<group>"; };
		75CFC1352866E21E0025AE12 /* HomePage.swift */ = {isa = PBXFileReference; lastKnownFileType = sourcecode.swift; path = HomePage.swift; sourceTree = "<group>"; };
/* End PBXFileReference section */

/* Begin PBXFrameworksBuildPhase section */
		75CFC1102866CFE40025AE12 /* Frameworks */ = {
			isa = PBXFrameworksBuildPhase;
			buildActionMask = 2147483647;
			files = (
				75E7D128286DB600008207A3 /* NIOConcurrencyHelpers in Frameworks */,
				75E7D132286DB600008207A3 /* NIOPosix in Frameworks */,
				75A5D83A28683584001BC141 /* Kingfisher in Frameworks */,
				75E7D13F286DC7BD008207A3 /* AnyCodable in Frameworks */,
				75E7D13A286DB600008207A3 /* _NIOConcurrency in Frameworks */,
				75E7D12A286DB600008207A3 /* NIOCore in Frameworks */,
				75E7D130286DB600008207A3 /* NIOHTTP1 in Frameworks */,
				75E7D136286DB600008207A3 /* NIOTestUtils in Frameworks */,
				75E7D134286DB600008207A3 /* NIOTLS in Frameworks */,
				75E7D126286DB600008207A3 /* NIO in Frameworks */,
				75CF54A72870171000B4A498 /* AsyncHTTPClient in Frameworks */,
				75E7D12E286DB600008207A3 /* NIOFoundationCompat in Frameworks */,
				75E7D138286DB600008207A3 /* NIOWebSocket in Frameworks */,
				75E7D12C286DB600008207A3 /* NIOEmbedded in Frameworks */,
			);
			runOnlyForDeploymentPostprocessing = 0;
		};
/* End PBXFrameworksBuildPhase section */

/* Begin PBXGroup section */
		75632D2728698B2D005D877B /* Resource */ = {
			isa = PBXGroup;
			children = (
				75632D25286986B0005D877B /* TestData.json */,
			);
			path = Resource;
			sourceTree = "<group>";
		};
		75632D2A28699FD3005D877B /* Message */ = {
			isa = PBXGroup;
			children = (
				75632D2D2869AD93005D877B /* Component */,
				75632D2B28699FE3005D877B /* MessagePage.swift */,
				75632D332869B3CF005D877B /* MessageViewModel.swift */,
			);
			path = Message;
			sourceTree = "<group>";
		};
		75632D2D2869AD93005D877B /* Component */ = {
			isa = PBXGroup;
			children = (
				75632D2E2869ADA6005D877B /* MessageRow.swift */,
			);
			path = Component;
			sourceTree = "<group>";
		};
		75632D302869AF4F005D877B /* Component */ = {
			isa = PBXGroup;
			children = (
				75632D312869AF5A005D877B /* Avator.swift */,
			);
			path = Component;
			sourceTree = "<group>";
		};
		75A5D8202867D2F1001BC141 /* Chat */ = {
			isa = PBXGroup;
			children = (
				75A5D82B28681B2C001BC141 /* Component */,
				75A5D8212867D30A001BC141 /* ChatPage.swift */,
			);
			path = Chat;
			sourceTree = "<group>";
		};
		75A5D82B28681B2C001BC141 /* Component */ = {
			isa = PBXGroup;
			children = (
				75A5D82E28681B5B001BC141 /* ChatRow.swift */,
			);
			path = Component;
			sourceTree = "<group>";
		};
		75A5D83028681B76001BC141 /* Model */ = {
			isa = PBXGroup;
			children = (
				75A5D83128681BA8001BC141 /* ChatModel.swift */,
				75A5D83328681C03001BC141 /* UserModel.swift */,
				755C691F286C6F1400DDAB19 /* Error.swift */,
			);
			path = Model;
			sourceTree = "<group>";
		};
		75A5D83528681E24001BC141 /* Util */ = {
			isa = PBXGroup;
			children = (
				75A5D83628681E30001BC141 /* DateUtil.swift */,
			);
			path = Util;
			sourceTree = "<group>";
		};
		75CFC10A2866CFE40025AE12 = {
			isa = PBXGroup;
			children = (
				75CFC1152866CFE40025AE12 /* WeChat */,
				75CFC1142866CFE40025AE12 /* Products */,
			);
			sourceTree = "<group>";
		};
		75CFC1142866CFE40025AE12 /* Products */ = {
			isa = PBXGroup;
			children = (
				75CFC1132866CFE40025AE12 /* WeChat.app */,
			);
			name = Products;
			sourceTree = "<group>";
		};
		75CFC1152866CFE40025AE12 /* WeChat */ = {
			isa = PBXGroup;
			children = (
				75632D2728698B2D005D877B /* Resource */,
				75CFC1252866D38D0025AE12 /* Common */,
				75CFC1242866D3790025AE12 /* Page */,
				75CFC1162866CFE40025AE12 /* WeChatApp.swift */,
				75CFC1182866CFE40025AE12 /* ContentView.swift */,
				75CFC11A2866CFE60025AE12 /* Assets.xcassets */,
				75CFC11C2866CFE60025AE12 /* Preview Content */,
			);
			path = WeChat;
			sourceTree = "<group>";
		};
		75CFC11C2866CFE60025AE12 /* Preview Content */ = {
			isa = PBXGroup;
			children = (
				75CFC11D2866CFE60025AE12 /* Preview Assets.xcassets */,
			);
			path = "Preview Content";
			sourceTree = "<group>";
		};
		75CFC1242866D3790025AE12 /* Page */ = {
			isa = PBXGroup;
			children = (
				75632D2A28699FD3005D877B /* Message */,
				75A5D8202867D2F1001BC141 /* Chat */,
				75CFC1342866E2100025AE12 /* Home */,
				75CFC1282866D3A50025AE12 /* Login */,
			);
			path = Page;
			sourceTree = "<group>";
		};
		75CFC1252866D38D0025AE12 /* Common */ = {
			isa = PBXGroup;
			children = (
				75632D302869AF4F005D877B /* Component */,
				75A5D83528681E24001BC141 /* Util */,
				75A5D83028681B76001BC141 /* Model */,
				75CFC12D2866D7A80025AE12 /* Extensions.swift */,
				75CFC12F2866D8D70025AE12 /* Style.swift */,
				75CFC1322866E15F0025AE12 /* GlobalViewModel.swift */,
				75CF54A3286FBFE400B4A498 /* ErrorHandling.swift */,
			);
			path = Common;
			sourceTree = "<group>";
		};
		75CFC1282866D3A50025AE12 /* Login */ = {
			isa = PBXGroup;
			children = (
				75CFC1262866D39E0025AE12 /* LoginPage.swift */,
				75CFC12B2866D6F40025AE12 /* LoginViewModel.swift */,
			);
			path = Login;
			sourceTree = "<group>";
		};
		75CFC1342866E2100025AE12 /* Home */ = {
			isa = PBXGroup;
			children = (
				75CFC1352866E21E0025AE12 /* HomePage.swift */,
				75A5D81E2867CB02001BC141 /* HomeViewModel.swift */,
			);
			path = Home;
			sourceTree = "<group>";
		};
/* End PBXGroup section */

/* Begin PBXNativeTarget section */
		75CFC1122866CFE40025AE12 /* WeChat */ = {
			isa = PBXNativeTarget;
			buildConfigurationList = 75CFC1212866CFE60025AE12 /* Build configuration list for PBXNativeTarget "WeChat" */;
			buildPhases = (
				75CFC10F2866CFE40025AE12 /* Sources */,
				75CFC1102866CFE40025AE12 /* Frameworks */,
				75CFC1112866CFE40025AE12 /* Resources */,
			);
			buildRules = (
			);
			dependencies = (
			);
			name = WeChat;
			packageProductDependencies = (
				75A5D83928683584001BC141 /* Kingfisher */,
				75E7D125286DB600008207A3 /* NIO */,
				75E7D127286DB600008207A3 /* NIOConcurrencyHelpers */,
				75E7D129286DB600008207A3 /* NIOCore */,
				75E7D12B286DB600008207A3 /* NIOEmbedded */,
				75E7D12D286DB600008207A3 /* NIOFoundationCompat */,
				75E7D12F286DB600008207A3 /* NIOHTTP1 */,
				75E7D131286DB600008207A3 /* NIOPosix */,
				75E7D133286DB600008207A3 /* NIOTLS */,
				75E7D135286DB600008207A3 /* NIOTestUtils */,
				75E7D137286DB600008207A3 /* NIOWebSocket */,
				75E7D139286DB600008207A3 /* _NIOConcurrency */,
				75E7D13E286DC7BD008207A3 /* AnyCodable */,
				75CF54A62870171000B4A498 /* AsyncHTTPClient */,
			);
			productName = WeChat;
			productReference = 75CFC1132866CFE40025AE12 /* WeChat.app */;
			productType = "com.apple.product-type.application";
		};
/* End PBXNativeTarget section */

/* Begin PBXProject section */
		75CFC10B2866CFE40025AE12 /* Project object */ = {
			isa = PBXProject;
			attributes = {
				BuildIndependentTargetsInParallel = 1;
				LastSwiftUpdateCheck = 1340;
				LastUpgradeCheck = 1340;
				TargetAttributes = {
					75CFC1122866CFE40025AE12 = {
						CreatedOnToolsVersion = 13.4.1;
					};
				};
			};
			buildConfigurationList = 75CFC10E2866CFE40025AE12 /* Build configuration list for PBXProject "WeChat" */;
			compatibilityVersion = "Xcode 13.0";
			developmentRegion = en;
			hasScannedForEncodings = 0;
			knownRegions = (
				en,
				Base,
			);
			mainGroup = 75CFC10A2866CFE40025AE12;
			packageReferences = (
				75A5D83828683584001BC141 /* XCRemoteSwiftPackageReference "Kingfisher" */,
				75E7D124286DB5FF008207A3 /* XCRemoteSwiftPackageReference "swift-nio" */,
				75E7D13D286DC7BD008207A3 /* XCRemoteSwiftPackageReference "AnyCodable" */,
				75CF54A52870171000B4A498 /* XCRemoteSwiftPackageReference "async-http-client" */,
			);
			productRefGroup = 75CFC1142866CFE40025AE12 /* Products */;
			projectDirPath = "";
			projectRoot = "";
			targets = (
				75CFC1122866CFE40025AE12 /* WeChat */,
			);
		};
/* End PBXProject section */

/* Begin PBXResourcesBuildPhase section */
		75CFC1112866CFE40025AE12 /* Resources */ = {
			isa = PBXResourcesBuildPhase;
			buildActionMask = 2147483647;
			files = (
				75CFC11E2866CFE60025AE12 /* Preview Assets.xcassets in Resources */,
				75632D26286986B0005D877B /* TestData.json in Resources */,
				75CFC11B2866CFE60025AE12 /* Assets.xcassets in Resources */,
			);
			runOnlyForDeploymentPostprocessing = 0;
		};
/* End PBXResourcesBuildPhase section */

/* Begin PBXSourcesBuildPhase section */
		75CFC10F2866CFE40025AE12 /* Sources */ = {
			isa = PBXSourcesBuildPhase;
			buildActionMask = 2147483647;
			files = (
				75632D322869AF5A005D877B /* Avator.swift in Sources */,
				75A5D82F28681B5B001BC141 /* ChatRow.swift in Sources */,
				75CFC12E2866D7A80025AE12 /* Extensions.swift in Sources */,
				75A5D81F2867CB02001BC141 /* HomeViewModel.swift in Sources */,
				75CFC1332866E15F0025AE12 /* GlobalViewModel.swift in Sources */,
				75CFC1302866D8D70025AE12 /* Style.swift in Sources */,
				75A5D83428681C03001BC141 /* UserModel.swift in Sources */,
				75A5D8222867D30A001BC141 /* ChatPage.swift in Sources */,
				75CFC12C2866D6F40025AE12 /* LoginViewModel.swift in Sources */,
				75CF54A4286FBFE400B4A498 /* ErrorHandling.swift in Sources */,
				75632D2F2869ADA6005D877B /* MessageRow.swift in Sources */,
				75632D342869B3CF005D877B /* MessageViewModel.swift in Sources */,
				75CFC1192866CFE40025AE12 /* ContentView.swift in Sources */,
				75CFC1272866D39E0025AE12 /* LoginPage.swift in Sources */,
				75CFC1172866CFE40025AE12 /* WeChatApp.swift in Sources */,
				75CFC1362866E21E0025AE12 /* HomePage.swift in Sources */,
				75A5D83228681BA8001BC141 /* ChatModel.swift in Sources */,
				75A5D83728681E30001BC141 /* DateUtil.swift in Sources */,
				75632D2C28699FE3005D877B /* MessagePage.swift in Sources */,
				755C6920286C6F1400DDAB19 /* Error.swift in Sources */,
			);
			runOnlyForDeploymentPostprocessing = 0;
		};
/* End PBXSourcesBuildPhase section */

/* Begin XCBuildConfiguration section */
		75CFC11F2866CFE60025AE12 /* Debug */ = {
			isa = XCBuildConfiguration;
			buildSettings = {
				ALWAYS_SEARCH_USER_PATHS = NO;
				CLANG_ANALYZER_NONNULL = YES;
				CLANG_ANALYZER_NUMBER_OBJECT_CONVERSION = YES_AGGRESSIVE;
				CLANG_CXX_LANGUAGE_STANDARD = "gnu++17";
				CLANG_ENABLE_MODULES = YES;
				CLANG_ENABLE_OBJC_ARC = YES;
				CLANG_ENABLE_OBJC_WEAK = YES;
				CLANG_WARN_BLOCK_CAPTURE_AUTORELEASING = YES;
				CLANG_WARN_BOOL_CONVERSION = YES;
				CLANG_WARN_COMMA = YES;
				CLANG_WARN_CONSTANT_CONVERSION = YES;
				CLANG_WARN_DEPRECATED_OBJC_IMPLEMENTATIONS = YES;
				CLANG_WARN_DIRECT_OBJC_ISA_USAGE = YES_ERROR;
				CLANG_WARN_DOCUMENTATION_COMMENTS = YES;
				CLANG_WARN_EMPTY_BODY = YES;
				CLANG_WARN_ENUM_CONVERSION = YES;
				CLANG_WARN_INFINITE_RECURSION = YES;
				CLANG_WARN_INT_CONVERSION = YES;
				CLANG_WARN_NON_LITERAL_NULL_CONVERSION = YES;
				CLANG_WARN_OBJC_IMPLICIT_RETAIN_SELF = YES;
				CLANG_WARN_OBJC_LITERAL_CONVERSION = YES;
				CLANG_WARN_OBJC_ROOT_CLASS = YES_ERROR;
				CLANG_WARN_QUOTED_INCLUDE_IN_FRAMEWORK_HEADER = YES;
				CLANG_WARN_RANGE_LOOP_ANALYSIS = YES;
				CLANG_WARN_STRICT_PROTOTYPES = YES;
				CLANG_WARN_SUSPICIOUS_MOVE = YES;
				CLANG_WARN_UNGUARDED_AVAILABILITY = YES_AGGRESSIVE;
				CLANG_WARN_UNREACHABLE_CODE = YES;
				CLANG_WARN__DUPLICATE_METHOD_MATCH = YES;
				COPY_PHASE_STRIP = NO;
				DEBUG_INFORMATION_FORMAT = dwarf;
				ENABLE_STRICT_OBJC_MSGSEND = YES;
				ENABLE_TESTABILITY = YES;
				GCC_C_LANGUAGE_STANDARD = gnu11;
				GCC_DYNAMIC_NO_PIC = NO;
				GCC_NO_COMMON_BLOCKS = YES;
				GCC_OPTIMIZATION_LEVEL = 0;
				GCC_PREPROCESSOR_DEFINITIONS = (
					"DEBUG=1",
					"$(inherited)",
				);
				GCC_WARN_64_TO_32_BIT_CONVERSION = YES;
				GCC_WARN_ABOUT_RETURN_TYPE = YES_ERROR;
				GCC_WARN_UNDECLARED_SELECTOR = YES;
				GCC_WARN_UNINITIALIZED_AUTOS = YES_AGGRESSIVE;
				GCC_WARN_UNUSED_FUNCTION = YES;
				GCC_WARN_UNUSED_VARIABLE = YES;
				IPHONEOS_DEPLOYMENT_TARGET = 15.5;
				MTL_ENABLE_DEBUG_INFO = INCLUDE_SOURCE;
				MTL_FAST_MATH = YES;
				ONLY_ACTIVE_ARCH = YES;
				SDKROOT = iphoneos;
				SWIFT_ACTIVE_COMPILATION_CONDITIONS = DEBUG;
				SWIFT_OPTIMIZATION_LEVEL = "-Onone";
			};
			name = Debug;
		};
		75CFC1202866CFE60025AE12 /* Release */ = {
			isa = XCBuildConfiguration;
			buildSettings = {
				ALWAYS_SEARCH_USER_PATHS = NO;
				CLANG_ANALYZER_NONNULL = YES;
				CLANG_ANALYZER_NUMBER_OBJECT_CONVERSION = YES_AGGRESSIVE;
				CLANG_CXX_LANGUAGE_STANDARD = "gnu++17";
				CLANG_ENABLE_MODULES = YES;
				CLANG_ENABLE_OBJC_ARC = YES;
				CLANG_ENABLE_OBJC_WEAK = YES;
				CLANG_WARN_BLOCK_CAPTURE_AUTORELEASING = YES;
				CLANG_WARN_BOOL_CONVERSION = YES;
				CLANG_WARN_COMMA = YES;
				CLANG_WARN_CONSTANT_CONVERSION = YES;
				CLANG_WARN_DEPRECATED_OBJC_IMPLEMENTATIONS = YES;
				CLANG_WARN_DIRECT_OBJC_ISA_USAGE = YES_ERROR;
				CLANG_WARN_DOCUMENTATION_COMMENTS = YES;
				CLANG_WARN_EMPTY_BODY = YES;
				CLANG_WARN_ENUM_CONVERSION = YES;
				CLANG_WARN_INFINITE_RECURSION = YES;
				CLANG_WARN_INT_CONVERSION = YES;
				CLANG_WARN_NON_LITERAL_NULL_CONVERSION = YES;
				CLANG_WARN_OBJC_IMPLICIT_RETAIN_SELF = YES;
				CLANG_WARN_OBJC_LITERAL_CONVERSION = YES;
				CLANG_WARN_OBJC_ROOT_CLASS = YES_ERROR;
				CLANG_WARN_QUOTED_INCLUDE_IN_FRAMEWORK_HEADER = YES;
				CLANG_WARN_RANGE_LOOP_ANALYSIS = YES;
				CLANG_WARN_STRICT_PROTOTYPES = YES;
				CLANG_WARN_SUSPICIOUS_MOVE = YES;
				CLANG_WARN_UNGUARDED_AVAILABILITY = YES_AGGRESSIVE;
				CLANG_WARN_UNREACHABLE_CODE = YES;
				CLANG_WARN__DUPLICATE_METHOD_MATCH = YES;
				COPY_PHASE_STRIP = NO;
				DEBUG_INFORMATION_FORMAT = "dwarf-with-dsym";
				ENABLE_NS_ASSERTIONS = NO;
				ENABLE_STRICT_OBJC_MSGSEND = YES;
				GCC_C_LANGUAGE_STANDARD = gnu11;
				GCC_NO_COMMON_BLOCKS = YES;
				GCC_WARN_64_TO_32_BIT_CONVERSION = YES;
				GCC_WARN_ABOUT_RETURN_TYPE = YES_ERROR;
				GCC_WARN_UNDECLARED_SELECTOR = YES;
				GCC_WARN_UNINITIALIZED_AUTOS = YES_AGGRESSIVE;
				GCC_WARN_UNUSED_FUNCTION = YES;
				GCC_WARN_UNUSED_VARIABLE = YES;
				IPHONEOS_DEPLOYMENT_TARGET = 15.5;
				MTL_ENABLE_DEBUG_INFO = NO;
				MTL_FAST_MATH = YES;
				SDKROOT = iphoneos;
				SWIFT_COMPILATION_MODE = wholemodule;
				SWIFT_OPTIMIZATION_LEVEL = "-O";
				VALIDATE_PRODUCT = YES;
			};
			name = Release;
		};
		75CFC1222866CFE60025AE12 /* Debug */ = {
			isa = XCBuildConfiguration;
			buildSettings = {
				ASSETCATALOG_COMPILER_APPICON_NAME = AppIcon;
				ASSETCATALOG_COMPILER_GLOBAL_ACCENT_COLOR_NAME = AccentColor;
				CODE_SIGN_STYLE = Automatic;
				CURRENT_PROJECT_VERSION = 1;
				DEVELOPMENT_ASSET_PATHS = "\"WeChat/Preview Content\"";
				DEVELOPMENT_TEAM = K7496W34U6;
				ENABLE_PREVIEWS = YES;
				GENERATE_INFOPLIST_FILE = YES;
				INFOPLIST_KEY_UIApplicationSceneManifest_Generation = YES;
				INFOPLIST_KEY_UIApplicationSupportsIndirectInputEvents = YES;
				INFOPLIST_KEY_UILaunchScreen_Generation = YES;
				INFOPLIST_KEY_UISupportedInterfaceOrientations_iPad = "UIInterfaceOrientationPortrait UIInterfaceOrientationPortraitUpsideDown UIInterfaceOrientationLandscapeLeft UIInterfaceOrientationLandscapeRight";
				INFOPLIST_KEY_UISupportedInterfaceOrientations_iPhone = "UIInterfaceOrientationPortrait UIInterfaceOrientationLandscapeLeft UIInterfaceOrientationLandscapeRight";
				LD_RUNPATH_SEARCH_PATHS = (
					"$(inherited)",
					"@executable_path/Frameworks",
				);
				MARKETING_VERSION = 1.0;
				PRODUCT_BUNDLE_IDENTIFIER = com.hushukang.WeChat;
				PRODUCT_NAME = "$(TARGET_NAME)";
				SWIFT_EMIT_LOC_STRINGS = YES;
				SWIFT_VERSION = 5.0;
				TARGETED_DEVICE_FAMILY = "1,2";
			};
			name = Debug;
		};
		75CFC1232866CFE60025AE12 /* Release */ = {
			isa = XCBuildConfiguration;
			buildSettings = {
				ASSETCATALOG_COMPILER_APPICON_NAME = AppIcon;
				ASSETCATALOG_COMPILER_GLOBAL_ACCENT_COLOR_NAME = AccentColor;
				CODE_SIGN_STYLE = Automatic;
				CURRENT_PROJECT_VERSION = 1;
				DEVELOPMENT_ASSET_PATHS = "\"WeChat/Preview Content\"";
				DEVELOPMENT_TEAM = K7496W34U6;
				ENABLE_PREVIEWS = YES;
				GENERATE_INFOPLIST_FILE = YES;
				INFOPLIST_KEY_UIApplicationSceneManifest_Generation = YES;
				INFOPLIST_KEY_UIApplicationSupportsIndirectInputEvents = YES;
				INFOPLIST_KEY_UILaunchScreen_Generation = YES;
				INFOPLIST_KEY_UISupportedInterfaceOrientations_iPad = "UIInterfaceOrientationPortrait UIInterfaceOrientationPortraitUpsideDown UIInterfaceOrientationLandscapeLeft UIInterfaceOrientationLandscapeRight";
				INFOPLIST_KEY_UISupportedInterfaceOrientations_iPhone = "UIInterfaceOrientationPortrait UIInterfaceOrientationLandscapeLeft UIInterfaceOrientationLandscapeRight";
				LD_RUNPATH_SEARCH_PATHS = (
					"$(inherited)",
					"@executable_path/Frameworks",
				);
				MARKETING_VERSION = 1.0;
				PRODUCT_BUNDLE_IDENTIFIER = com.hushukang.WeChat;
				PRODUCT_NAME = "$(TARGET_NAME)";
				SWIFT_EMIT_LOC_STRINGS = YES;
				SWIFT_VERSION = 5.0;
				TARGETED_DEVICE_FAMILY = "1,2";
			};
			name = Release;
		};
/* End XCBuildConfiguration section */

/* Begin XCConfigurationList section */
		75CFC10E2866CFE40025AE12 /* Build configuration list for PBXProject "WeChat" */ = {
			isa = XCConfigurationList;
			buildConfigurations = (
				75CFC11F2866CFE60025AE12 /* Debug */,
				75CFC1202866CFE60025AE12 /* Release */,
			);
			defaultConfigurationIsVisible = 0;
			defaultConfigurationName = Release;
		};
		75CFC1212866CFE60025AE12 /* Build configuration list for PBXNativeTarget "WeChat" */ = {
			isa = XCConfigurationList;
			buildConfigurations = (
				75CFC1222866CFE60025AE12 /* Debug */,
				75CFC1232866CFE60025AE12 /* Release */,
			);
			defaultConfigurationIsVisible = 0;
			defaultConfigurationName = Release;
		};
/* End XCConfigurationList section */

/* Begin XCRemoteSwiftPackageReference section */
		75A5D83828683584001BC141 /* XCRemoteSwiftPackageReference "Kingfisher" */ = {
			isa = XCRemoteSwiftPackageReference;
			repositoryURL = "https://github.com/onevcat/Kingfisher";
			requirement = {
				kind = upToNextMajorVersion;
				minimumVersion = 7.0.0;
			};
		};
		75CF54A52870171000B4A498 /* XCRemoteSwiftPackageReference "async-http-client" */ = {
			isa = XCRemoteSwiftPackageReference;
			repositoryURL = "https://github.com/swift-server/async-http-client";
			requirement = {
				kind = upToNextMajorVersion;
				minimumVersion = 1.0.0;
			};
		};
		75E7D124286DB5FF008207A3 /* XCRemoteSwiftPackageReference "swift-nio" */ = {
			isa = XCRemoteSwiftPackageReference;
			repositoryURL = "https://github.com/apple/swift-nio.git";
			requirement = {
				kind = upToNextMajorVersion;
				minimumVersion = 2.0.0;
			};
		};
		75E7D13D286DC7BD008207A3 /* XCRemoteSwiftPackageReference "AnyCodable" */ = {
			isa = XCRemoteSwiftPackageReference;
			repositoryURL = "https://github.com/Flight-School/AnyCodable";
			requirement = {
				kind = upToNextMajorVersion;
				minimumVersion = 0.6.5;
			};
		};
/* End XCRemoteSwiftPackageReference section */

/* Begin XCSwiftPackageProductDependency section */
		75A5D83928683584001BC141 /* Kingfisher */ = {
			isa = XCSwiftPackageProductDependency;
			package = 75A5D83828683584001BC141 /* XCRemoteSwiftPackageReference "Kingfisher" */;
			productName = Kingfisher;
		};
		75CF54A62870171000B4A498 /* AsyncHTTPClient */ = {
			isa = XCSwiftPackageProductDependency;
			package = 75CF54A52870171000B4A498 /* XCRemoteSwiftPackageReference "async-http-client" */;
			productName = AsyncHTTPClient;
		};
		75E7D125286DB600008207A3 /* NIO */ = {
			isa = XCSwiftPackageProductDependency;
			package = 75E7D124286DB5FF008207A3 /* XCRemoteSwiftPackageReference "swift-nio" */;
			productName = NIO;
		};
		75E7D127286DB600008207A3 /* NIOConcurrencyHelpers */ = {
			isa = XCSwiftPackageProductDependency;
			package = 75E7D124286DB5FF008207A3 /* XCRemoteSwiftPackageReference "swift-nio" */;
			productName = NIOConcurrencyHelpers;
		};
		75E7D129286DB600008207A3 /* NIOCore */ = {
			isa = XCSwiftPackageProductDependency;
			package = 75E7D124286DB5FF008207A3 /* XCRemoteSwiftPackageReference "swift-nio" */;
			productName = NIOCore;
		};
		75E7D12B286DB600008207A3 /* NIOEmbedded */ = {
			isa = XCSwiftPackageProductDependency;
			package = 75E7D124286DB5FF008207A3 /* XCRemoteSwiftPackageReference "swift-nio" */;
			productName = NIOEmbedded;
		};
		75E7D12D286DB600008207A3 /* NIOFoundationCompat */ = {
			isa = XCSwiftPackageProductDependency;
			package = 75E7D124286DB5FF008207A3 /* XCRemoteSwiftPackageReference "swift-nio" */;
			productName = NIOFoundationCompat;
		};
		75E7D12F286DB600008207A3 /* NIOHTTP1 */ = {
			isa = XCSwiftPackageProductDependency;
			package = 75E7D124286DB5FF008207A3 /* XCRemoteSwiftPackageReference "swift-nio" */;
			productName = NIOHTTP1;
		};
		75E7D131286DB600008207A3 /* NIOPosix */ = {
			isa = XCSwiftPackageProductDependency;
			package = 75E7D124286DB5FF008207A3 /* XCRemoteSwiftPackageReference "swift-nio" */;
			productName = NIOPosix;
		};
		75E7D133286DB600008207A3 /* NIOTLS */ = {
			isa = XCSwiftPackageProductDependency;
			package = 75E7D124286DB5FF008207A3 /* XCRemoteSwiftPackageReference "swift-nio" */;
			productName = NIOTLS;
		};
		75E7D135286DB600008207A3 /* NIOTestUtils */ = {
			isa = XCSwiftPackageProductDependency;
			package = 75E7D124286DB5FF008207A3 /* XCRemoteSwiftPackageReference "swift-nio" */;
			productName = NIOTestUtils;
		};
		75E7D137286DB600008207A3 /* NIOWebSocket */ = {
			isa = XCSwiftPackageProductDependency;
			package = 75E7D124286DB5FF008207A3 /* XCRemoteSwiftPackageReference "swift-nio" */;
			productName = NIOWebSocket;
		};
		75E7D139286DB600008207A3 /* _NIOConcurrency */ = {
			isa = XCSwiftPackageProductDependency;
			package = 75E7D124286DB5FF008207A3 /* XCRemoteSwiftPackageReference "swift-nio" */;
			productName = _NIOConcurrency;
		};
		75E7D13E286DC7BD008207A3 /* AnyCodable */ = {
			isa = XCSwiftPackageProductDependency;
			package = 75E7D13D286DC7BD008207A3 /* XCRemoteSwiftPackageReference "AnyCodable" */;
			productName = AnyCodable;
		};
/* End XCSwiftPackageProductDependency section */
	};
	rootObject = 75CFC10B2866CFE40025AE12 /* Project object */;
}
